schema: '2.0'
stages:
  prepare:
    cmd: python3 src/generate_datasets.py
    deps:
    - path: src/generate_datasets.py
      hash: md5
      md5: 9fb02b70d1ab5bfb7d8439c6cd128b77
      size: 2411
    params:
      params.yaml:
        prepare.numbers:
        - 0
        - 1
        - 2
        - 3
        - 4
        - 5
        - 6
        - 7
        - 8
        - 9
    outs:
    - path: datasets
      hash: md5
      md5: 9cdba036e9fc0caa18f90070c9786f4b.dir
      size: 342297612
      nfiles: 2
  create-model:
    cmd: python3 src/create_model.py
    deps:
    - path: datasets
      hash: md5
      md5: 9cdba036e9fc0caa18f90070c9786f4b.dir
      size: 342297612
      nfiles: 2
    - path: src/create_model.py
      hash: md5
      md5: b584093577f4b22af71315eab6b634b9
      size: 2966
    outs:
    - path: graphs/model_accuracy.jpg
      hash: md5
      md5: d770a149e899571a98d6093b67534492
      size: 18858
    - path: graphs/model_loss.jpg
      hash: md5
      md5: 7674056aea758a9924d9e8b84ab49f92
      size: 18516
    - path: mnist_model.h5
      hash: md5
      md5: 706ebb3e524730c80522461b6479c324
      size: 3272912
