schema: '2.0'
stages:
  train:
    cmd: python src/create_model.py --dataset data/train.txt
    deps:
    - path: data/train.txt
      md5: 58f9f76ea3b715566badb5eff9b1b067
      size: 79829
    - path: src/create_model.py
      md5: 161cc5ed557bb1a7a972a498d9bac6a3
      size: 1966
    outs:
    - path: graph/training_loss.png
      md5: 013fdfedc083467b34872d1aa59cfba3
      size: 14634
    - path: model/ae_model.h5
      md5: 93cff3f70f089383ef7082d5e486af97
      size: 67752
  test:
    cmd: python src/test_model.py --model model/ae_model.h5 --test_dataset data/test.txt
    deps:
    - path: data/test.txt
      md5: 4a59ff2ad83a8cc8ca371a03812db540
      size: 185786
    - path: model/ae_model.h5
      md5: 93cff3f70f089383ef7082d5e486af97
      size: 67752
    - path: src/test_model.py
      md5: 963fa7593fd43148bc33cae03f8dd03e
      size: 1591
    outs:
    - path: graph/result.png
      md5: 28bbc868662c38ba659fd5462d536b0c
      size: 78777
