schema: '2.0'
stages:
  train:
    cmd: python src/create_model.py --dataset data/train.txt
    deps:
    - path: data/train.txt
      hash: md5
      md5: 2e6fa1bd5fc1764c009e8b3caa946c97
      size: 79829
    - path: src/create_model.py
      hash: md5
      md5: 663d4ca9131847924ac250bc849b6781
      size: 1912
    outs:
    - path: graph/training_loss.png
      hash: md5
      md5: db7e874eef6489fb0fa03d32b38f90e8
      size: 15353
    - path: model/ae_model.h5
      hash: md5
      md5: f4048b63754339e2fb44950b8ff69951
      size: 65728
  test:
    cmd: python src/test_model.py --model model/ae_model.h5 --test_dataset data/test.txt
    deps:
    - path: data/test.txt
      hash: md5
      md5: 70763e0012a40f60e851eab3c606aca4
      size: 185786
    - path: model/ae_model.h5
      hash: md5
      md5: f4048b63754339e2fb44950b8ff69951
      size: 65728
    - path: src/test_model.py
      hash: md5
      md5: 0be6964c6fcdbf230340dc034c5dea4b
      size: 1544
    outs:
    - path: graph/result.png
      hash: md5
      md5: 7f2c3be68a2cccbe0310af3f758d2133
      size: 78777
