schema: '2.0'
stages:
  prepare:
    cmd: python src/prepare.py
    deps:
    - path: datasets/145_UCR_Anomaly_Lab2Cmac011215EPG1_5000_17210_17260.txt
      md5: 92ad5797766697bd9a69e5438fd27976
      size: 540018
    - path: src/prepare.py
      md5: 140eaa74c45c05afd2b9cf65e6731b95
      size: 430
    outs:
    - path: datasets/prepare
      md5: 3fd1ed3b1a56fe1d1a22f5ab0f54f2d5.dir
      size: 86786
      nfiles: 1
  model:
    cmd: python src/model.py
    deps:
    - path: datasets/prepare/145_UCR_Anomaly_Lab2Cmac011215EPG1_5000_17210_17260.zip
      md5: 3c560d5204e1d8f3ffcaf74cf3d61754
      size: 86786
    - path: src/model.py
      md5: a5cfa8ae801a1acc963aaaf9715aeebb
      size: 922
    outs:
    - path: results
      md5: b1fc9f40b55414fab905eaa2c78951d1.dir
      size: 240
      nfiles: 1
